
Microsoft Visual Studio Solution File, Format Version 11.00
# Visual Studio 2010
Project("{FAE04EC0-301F-11D3-BF4B-00C04F79EFBC}") = "Assembly-CSharp", "Assembly-CSharp.csproj", "{1c7c3ed1-de33-9511-6255-0e854906f694}"
EndProject
Project("{FAE04EC0-301F-11D3-BF4B-00C04F79EFBC}") = "Assembly-CSharp-firstpass", "Assembly-CSharp-firstpass.csproj", "{012cfaa0-aff9-f66e-ef2b-0f59cd167456}"
EndProject
Project("{FAE04EC0-301F-11D3-BF4B-00C04F79EFBC}") = "Assembly-CSharp-Editor", "Assembly-CSharp-Editor.csproj", "{3fdab1f4-d810-9cdf-aeca-f84455ff701b}"
EndProject
Global
	GlobalSection(SolutionConfigurationPlatforms) = preSolution
		Debug|Any CPU = Debug|Any CPU
		Release|Any CPU = Release|Any CPU
	EndGlobalSection
	GlobalSection(ProjectConfigurationPlatforms) = postSolution
		{1c7c3ed1-de33-9511-6255-0e854906f694}.Debug|Any CPU.ActiveCfg = Debug|Any CPU
		{1c7c3ed1-de33-9511-6255-0e854906f694}.Debug|Any CPU.Build.0 = Debug|Any CPU
		{1c7c3ed1-de33-9511-6255-0e854906f694}.Release|Any CPU.ActiveCfg = Release|Any CPU
		{1c7c3ed1-de33-9511-6255-0e854906f694}.Release|Any CPU.Build.0 = Release|Any CPU
		{012cfaa0-aff9-f66e-ef2b-0f59cd167456}.Debug|Any CPU.ActiveCfg = Debug|Any CPU
		{012cfaa0-aff9-f66e-ef2b-0f59cd167456}.Debug|Any CPU.Build.0 = Debug|Any CPU
		{012cfaa0-aff9-f66e-ef2b-0f59cd167456}.Release|Any CPU.ActiveCfg = Release|Any CPU
		{012cfaa0-aff9-f66e-ef2b-0f59cd167456}.Release|Any CPU.Build.0 = Release|Any CPU
		{3fdab1f4-d810-9cdf-aeca-f84455ff701b}.Debug|Any CPU.ActiveCfg = Debug|Any CPU
		{3fdab1f4-d810-9cdf-aeca-f84455ff701b}.Debug|Any CPU.Build.0 = Debug|Any CPU
		{3fdab1f4-d810-9cdf-aeca-f84455ff701b}.Release|Any CPU.ActiveCfg = Release|Any CPU
		{3fdab1f4-d810-9cdf-aeca-f84455ff701b}.Release|Any CPU.Build.0 = Release|Any CPU
	EndGlobalSection
	GlobalSection(SolutionProperties) = preSolution
		HideSolutionNode = FALSE
	EndGlobalSection
EndGlobal
